
Microsoft Visual Studio Solution File, Format Version 12.00
Project("{FAE04EC0-301F-11D3-BF4B-00C04F79EFBC}") = "ConsoleApp", "ConsoleApp\ConsoleApp.csproj", "{5D97B3E8-ADDC-4609-BB70-188D91F31975}"
EndProject
Project("{FAE04EC0-301F-11D3-BF4B-00C04F79EFBC}") = "MenuSystem", "MenuSystem\MenuSystem.csproj", "{A49307BA-31D2-4552-B4B7-6D40BBAFFE57}"
EndProject
Project("{2150E333-8FDC-42A3-9474-1A3956D46DE8}") = "Solution Items", "Solution Items", "{1623D793-3AE2-4E18-8D89-1E1D319F6892}"
ProjectSection(SolutionItems) = preProject
	..\.gitignore = ..\.gitignore
	Directory.Build.props = Directory.Build.props
EndProjectSection
EndProject
Project("{FAE04EC0-301F-11D3-BF4B-00C04F79EFBC}") = "GameEngine", "GameEngine\GameEngine.csproj", "{E6FDA3AC-3C6C-4817-A1EE-4BB9ECBC3A83}"
EndProject
Project("{FAE04EC0-301F-11D3-BF4B-00C04F79EFBC}") = "GameConsoleUI", "GameConsoleUI\GameConsoleUI.csproj", "{8AD2D3CF-C3DD-4D7F-A0EB-C6707A994430}"
EndProject
Project("{FAE04EC0-301F-11D3-BF4B-00C04F79EFBC}") = "Domain", "Domain\Domain.csproj", "{BCB93854-A7F0-419F-80CB-AB7EDE9A107B}"
EndProject
Project("{FAE04EC0-301F-11D3-BF4B-00C04F79EFBC}") = "Testing", "Testing\Testing.csproj", "{66674700-D671-4119-8550-F1B0C8777255}"
EndProject
Project("{FAE04EC0-301F-11D3-BF4B-00C04F79EFBC}") = "DAL", "DAL\DAL.csproj", "{358B436A-EE2D-4AAA-B6AA-575ADCADAE36}"
EndProject
Project("{FAE04EC0-301F-11D3-BF4B-00C04F79EFBC}") = "Extensions", "Extensions\Extensions.csproj", "{A62259B7-8097-4453-8DCA-92595B4F0C7B}"
EndProject
Global
	GlobalSection(SolutionConfigurationPlatforms) = preSolution
		Debug|Any CPU = Debug|Any CPU
		Release|Any CPU = Release|Any CPU
	EndGlobalSection
	GlobalSection(ProjectConfigurationPlatforms) = postSolution
		{5D97B3E8-ADDC-4609-BB70-188D91F31975}.Debug|Any CPU.ActiveCfg = Debug|Any CPU
		{5D97B3E8-ADDC-4609-BB70-188D91F31975}.Debug|Any CPU.Build.0 = Debug|Any CPU
		{5D97B3E8-ADDC-4609-BB70-188D91F31975}.Release|Any CPU.ActiveCfg = Release|Any CPU
		{5D97B3E8-ADDC-4609-BB70-188D91F31975}.Release|Any CPU.Build.0 = Release|Any CPU
		{A49307BA-31D2-4552-B4B7-6D40BBAFFE57}.Debug|Any CPU.ActiveCfg = Debug|Any CPU
		{A49307BA-31D2-4552-B4B7-6D40BBAFFE57}.Debug|Any CPU.Build.0 = Debug|Any CPU
		{A49307BA-31D2-4552-B4B7-6D40BBAFFE57}.Release|Any CPU.ActiveCfg = Release|Any CPU
		{A49307BA-31D2-4552-B4B7-6D40BBAFFE57}.Release|Any CPU.Build.0 = Release|Any CPU
		{E6FDA3AC-3C6C-4817-A1EE-4BB9ECBC3A83}.Debug|Any CPU.ActiveCfg = Debug|Any CPU
		{E6FDA3AC-3C6C-4817-A1EE-4BB9ECBC3A83}.Debug|Any CPU.Build.0 = Debug|Any CPU
		{E6FDA3AC-3C6C-4817-A1EE-4BB9ECBC3A83}.Release|Any CPU.ActiveCfg = Release|Any CPU
		{E6FDA3AC-3C6C-4817-A1EE-4BB9ECBC3A83}.Release|Any CPU.Build.0 = Release|Any CPU
		{8AD2D3CF-C3DD-4D7F-A0EB-C6707A994430}.Debug|Any CPU.ActiveCfg = Debug|Any CPU
		{8AD2D3CF-C3DD-4D7F-A0EB-C6707A994430}.Debug|Any CPU.Build.0 = Debug|Any CPU
		{8AD2D3CF-C3DD-4D7F-A0EB-C6707A994430}.Release|Any CPU.ActiveCfg = Release|Any CPU
		{8AD2D3CF-C3DD-4D7F-A0EB-C6707A994430}.Release|Any CPU.Build.0 = Release|Any CPU
		{BCB93854-A7F0-419F-80CB-AB7EDE9A107B}.Debug|Any CPU.ActiveCfg = Debug|Any CPU
		{BCB93854-A7F0-419F-80CB-AB7EDE9A107B}.Debug|Any CPU.Build.0 = Debug|Any CPU
		{BCB93854-A7F0-419F-80CB-AB7EDE9A107B}.Release|Any CPU.ActiveCfg = Release|Any CPU
		{BCB93854-A7F0-419F-80CB-AB7EDE9A107B}.Release|Any CPU.Build.0 = Release|Any CPU
		{66674700-D671-4119-8550-F1B0C8777255}.Debug|Any CPU.ActiveCfg = Debug|Any CPU
		{66674700-D671-4119-8550-F1B0C8777255}.Debug|Any CPU.Build.0 = Debug|Any CPU
		{66674700-D671-4119-8550-F1B0C8777255}.Release|Any CPU.ActiveCfg = Release|Any CPU
		{66674700-D671-4119-8550-F1B0C8777255}.Release|Any CPU.Build.0 = Release|Any CPU
		{358B436A-EE2D-4AAA-B6AA-575ADCADAE36}.Debug|Any CPU.ActiveCfg = Debug|Any CPU
		{358B436A-EE2D-4AAA-B6AA-575ADCADAE36}.Debug|Any CPU.Build.0 = Debug|Any CPU
		{358B436A-EE2D-4AAA-B6AA-575ADCADAE36}.Release|Any CPU.ActiveCfg = Release|Any CPU
		{358B436A-EE2D-4AAA-B6AA-575ADCADAE36}.Release|Any CPU.Build.0 = Release|Any CPU
		{A62259B7-8097-4453-8DCA-92595B4F0C7B}.Debug|Any CPU.ActiveCfg = Debug|Any CPU
		{A62259B7-8097-4453-8DCA-92595B4F0C7B}.Debug|Any CPU.Build.0 = Debug|Any CPU
		{A62259B7-8097-4453-8DCA-92595B4F0C7B}.Release|Any CPU.ActiveCfg = Release|Any CPU
		{A62259B7-8097-4453-8DCA-92595B4F0C7B}.Release|Any CPU.Build.0 = Release|Any CPU
	EndGlobalSection
EndGlobal
